
Microsoft Visual Studio Solution File, Format Version 12.00
# Visual Studio Version 17
VisualStudioVersion = 17.8.34316.72
MinimumVisualStudioVersion = 10.0.40219.1
Project("{FAE04EC0-301F-11D3-BF4B-00C04F79EFBC}") = "WinRestoreKit", "WinRestoreKit\WinRestoreKit.csproj", "{726AAF09-C2D4-4C5C-A61F-3DADAE0B5CBA}"
EndProject
Project("{FAE04EC0-301F-11D3-BF4B-00C04F79EFBC}") = "WinRestoreKit.Tests", "WinRestoreKit.Tests\WinRestoreKit.Tests.csproj", "{6192F8A5-9427-4CD7-8716-5328ED8C142E}"
EndProject
Project("{FAE04EC0-301F-11D3-BF4B-00C04F79EFBC}") = "WinRestoreKit.Core", "WinRestoreKit.Core\WinRestoreKit.Core.csproj", "{1FAD4433-713A-4A94-83F1-3D4715A7CFAF}"
EndProject
Project("{FAE04EC0-301F-11D3-BF4B-00C04F79EFBC}") = "WinRestoreKit.Application", "WinRestoreKit.Application\WinRestoreKit.Application.csproj", "{A1E91A1C-8A8D-4F60-AEF9-A5D6D32A704A}"
EndProject
Project("{FAE04EC0-301F-11D3-BF4B-00C04F79EFBC}") = "WinRestoreKit.Wpf", "WinRestoreKit.Wpf\WinRestoreKit.Wpf.csproj", "{B2F0F9B0-5F5A-4A13-90B5-1F8E1EB6F791}"
EndProject
Global
	GlobalSection(SolutionConfigurationPlatforms) = preSolution
		Debug|Any CPU = Debug|Any CPU
		Debug|ARM = Debug|ARM
		Debug|ARM64 = Debug|ARM64
		Debug|x64 = Debug|x64
		Debug|x86 = Debug|x86
		Release|Any CPU = Release|Any CPU
		Release|ARM = Release|ARM
		Release|ARM64 = Release|ARM64
		Release|x64 = Release|x64
		Release|x86 = Release|x86
	EndGlobalSection
	GlobalSection(ProjectConfigurationPlatforms) = postSolution
		{726AAF09-C2D4-4C5C-A61F-3DADAE0B5CBA}.Debug|Any CPU.ActiveCfg = Debug|Any CPU
		{726AAF09-C2D4-4C5C-A61F-3DADAE0B5CBA}.Debug|Any CPU.Build.0 = Debug|Any CPU
		{726AAF09-C2D4-4C5C-A61F-3DADAE0B5CBA}.Debug|ARM.ActiveCfg = Debug|Any CPU
		{726AAF09-C2D4-4C5C-A61F-3DADAE0B5CBA}.Debug|ARM.Build.0 = Debug|Any CPU
		{726AAF09-C2D4-4C5C-A61F-3DADAE0B5CBA}.Debug|ARM64.ActiveCfg = Debug|Any CPU
		{726AAF09-C2D4-4C5C-A61F-3DADAE0B5CBA}.Debug|ARM64.Build.0 = Debug|Any CPU
		{726AAF09-C2D4-4C5C-A61F-3DADAE0B5CBA}.Debug|x64.ActiveCfg = Debug|Any CPU
		{726AAF09-C2D4-4C5C-A61F-3DADAE0B5CBA}.Debug|x64.Build.0 = Debug|Any CPU
		{726AAF09-C2D4-4C5C-A61F-3DADAE0B5CBA}.Debug|x86.ActiveCfg = Debug|Any CPU
		{726AAF09-C2D4-4C5C-A61F-3DADAE0B5CBA}.Debug|x86.Build.0 = Debug|Any CPU
		{726AAF09-C2D4-4C5C-A61F-3DADAE0B5CBA}.Release|Any CPU.ActiveCfg = Release|Any CPU
		{726AAF09-C2D4-4C5C-A61F-3DADAE0B5CBA}.Release|Any CPU.Build.0 = Release|Any CPU
		{726AAF09-C2D4-4C5C-A61F-3DADAE0B5CBA}.Release|ARM.ActiveCfg = Release|Any CPU
		{726AAF09-C2D4-4C5C-A61F-3DADAE0B5CBA}.Release|ARM.Build.0 = Release|Any CPU
		{726AAF09-C2D4-4C5C-A61F-3DADAE0B5CBA}.Release|ARM64.ActiveCfg = Release|Any CPU
		{726AAF09-C2D4-4C5C-A61F-3DADAE0B5CBA}.Release|ARM64.Build.0 = Release|Any CPU
		{726AAF09-C2D4-4C5C-A61F-3DADAE0B5CBA}.Release|x64.ActiveCfg = Release|Any CPU
		{726AAF09-C2D4-4C5C-A61F-3DADAE0B5CBA}.Release|x64.Build.0 = Release|Any CPU
		{726AAF09-C2D4-4C5C-A61F-3DADAE0B5CBA}.Release|x86.ActiveCfg = Release|Any CPU
		{726AAF09-C2D4-4C5C-A61F-3DADAE0B5CBA}.Release|x86.Build.0 = Release|Any CPU
		{6192F8A5-9427-4CD7-8716-5328ED8C142E}.Debug|Any CPU.ActiveCfg = Debug|Any CPU
		{6192F8A5-9427-4CD7-8716-5328ED8C142E}.Debug|Any CPU.Build.0 = Debug|Any CPU
		{6192F8A5-9427-4CD7-8716-5328ED8C142E}.Debug|ARM.ActiveCfg = Debug|Any CPU
		{6192F8A5-9427-4CD7-8716-5328ED8C142E}.Debug|ARM.Build.0 = Debug|Any CPU
		{6192F8A5-9427-4CD7-8716-5328ED8C142E}.Debug|ARM64.ActiveCfg = Debug|Any CPU
		{6192F8A5-9427-4CD7-8716-5328ED8C142E}.Debug|ARM64.Build.0 = Debug|Any CPU
		{6192F8A5-9427-4CD7-8716-5328ED8C142E}.Debug|x64.ActiveCfg = Debug|Any CPU
		{6192F8A5-9427-4CD7-8716-5328ED8C142E}.Debug|x64.Build.0 = Debug|Any CPU
		{6192F8A5-9427-4CD7-8716-5328ED8C142E}.Debug|x86.ActiveCfg = Debug|Any CPU
		{6192F8A5-9427-4CD7-8716-5328ED8C142E}.Debug|x86.Build.0 = Debug|Any CPU
		{6192F8A5-9427-4CD7-8716-5328ED8C142E}.Release|Any CPU.ActiveCfg = Release|Any CPU
		{6192F8A5-9427-4CD7-8716-5328ED8C142E}.Release|Any CPU.Build.0 = Release|Any CPU
		{6192F8A5-9427-4CD7-8716-5328ED8C142E}.Release|ARM.ActiveCfg = Release|Any CPU
		{6192F8A5-9427-4CD7-8716-5328ED8C142E}.Release|ARM.Build.0 = Release|Any CPU
		{6192F8A5-9427-4CD7-8716-5328ED8C142E}.Release|ARM64.ActiveCfg = Release|Any CPU
		{6192F8A5-9427-4CD7-8716-5328ED8C142E}.Release|ARM64.Build.0 = Release|Any CPU
		{6192F8A5-9427-4CD7-8716-5328ED8C142E}.Release|x64.ActiveCfg = Release|Any CPU
		{6192F8A5-9427-4CD7-8716-5328ED8C142E}.Release|x64.Build.0 = Release|Any CPU
		{6192F8A5-9427-4CD7-8716-5328ED8C142E}.Release|x86.ActiveCfg = Release|Any CPU
		{6192F8A5-9427-4CD7-8716-5328ED8C142E}.Release|x86.Build.0 = Release|Any CPU
		{1FAD4433-713A-4A94-83F1-3D4715A7CFAF}.Debug|Any CPU.ActiveCfg = Debug|Any CPU
		{1FAD4433-713A-4A94-83F1-3D4715A7CFAF}.Debug|Any CPU.Build.0 = Debug|Any CPU
		{1FAD4433-713A-4A94-83F1-3D4715A7CFAF}.Debug|ARM.ActiveCfg = Debug|Any CPU
		{1FAD4433-713A-4A94-83F1-3D4715A7CFAF}.Debug|ARM.Build.0 = Debug|Any CPU
		{1FAD4433-713A-4A94-83F1-3D4715A7CFAF}.Debug|ARM64.ActiveCfg = Debug|Any CPU
		{1FAD4433-713A-4A94-83F1-3D4715A7CFAF}.Debug|ARM64.Build.0 = Debug|Any CPU
		{1FAD4433-713A-4A94-83F1-3D4715A7CFAF}.Debug|x64.ActiveCfg = Debug|Any CPU
		{1FAD4433-713A-4A94-83F1-3D4715A7CFAF}.Debug|x64.Build.0 = Debug|Any CPU
		{1FAD4433-713A-4A94-83F1-3D4715A7CFAF}.Debug|x86.ActiveCfg = Debug|Any CPU
		{1FAD4433-713A-4A94-83F1-3D4715A7CFAF}.Debug|x86.Build.0 = Debug|Any CPU
		{1FAD4433-713A-4A94-83F1-3D4715A7CFAF}.Release|Any CPU.ActiveCfg = Release|Any CPU
		{1FAD4433-713A-4A94-83F1-3D4715A7CFAF}.Release|Any CPU.Build.0 = Release|Any CPU
		{1FAD4433-713A-4A94-83F1-3D4715A7CFAF}.Release|ARM.ActiveCfg = Release|Any CPU
		{1FAD4433-713A-4A94-83F1-3D4715A7CFAF}.Release|ARM.Build.0 = Release|Any CPU
		{1FAD4433-713A-4A94-83F1-3D4715A7CFAF}.Release|ARM64.ActiveCfg = Release|Any CPU
		{1FAD4433-713A-4A94-83F1-3D4715A7CFAF}.Release|ARM64.Build.0 = Release|Any CPU
		{1FAD4433-713A-4A94-83F1-3D4715A7CFAF}.Release|x64.ActiveCfg = Release|Any CPU
		{1FAD4433-713A-4A94-83F1-3D4715A7CFAF}.Release|x64.Build.0 = Release|Any CPU
		{1FAD4433-713A-4A94-83F1-3D4715A7CFAF}.Release|x86.ActiveCfg = Release|Any CPU
		{1FAD4433-713A-4A94-83F1-3D4715A7CFAF}.Release|x86.Build.0 = Release|Any CPU
		{A1E91A1C-8A8D-4F60-AEF9-A5D6D32A704A}.Debug|Any CPU.ActiveCfg = Debug|Any CPU
		{A1E91A1C-8A8D-4F60-AEF9-A5D6D32A704A}.Debug|Any CPU.Build.0 = Debug|Any CPU
		{A1E91A1C-8A8D-4F60-AEF9-A5D6D32A704A}.Debug|ARM.ActiveCfg = Debug|Any CPU
		{A1E91A1C-8A8D-4F60-AEF9-A5D6D32A704A}.Debug|ARM.Build.0 = Debug|Any CPU
		{A1E91A1C-8A8D-4F60-AEF9-A5D6D32A704A}.Debug|ARM64.ActiveCfg = Debug|Any CPU
		{A1E91A1C-8A8D-4F60-AEF9-A5D6D32A704A}.Debug|ARM64.Build.0 = Debug|Any CPU
		{A1E91A1C-8A8D-4F60-AEF9-A5D6D32A704A}.Debug|x64.ActiveCfg = Debug|Any CPU
		{A1E91A1C-8A8D-4F60-AEF9-A5D6D32A704A}.Debug|x64.Build.0 = Debug|Any CPU
		{A1E91A1C-8A8D-4F60-AEF9-A5D6D32A704A}.Debug|x86.ActiveCfg = Debug|Any CPU
		{A1E91A1C-8A8D-4F60-AEF9-A5D6D32A704A}.Debug|x86.Build.0 = Debug|Any CPU
		{A1E91A1C-8A8D-4F60-AEF9-A5D6D32A704A}.Release|Any CPU.ActiveCfg = Release|Any CPU
		{A1E91A1C-8A8D-4F60-AEF9-A5D6D32A704A}.Release|Any CPU.Build.0 = Release|Any CPU
		{A1E91A1C-8A8D-4F60-AEF9-A5D6D32A704A}.Release|ARM.ActiveCfg = Release|Any CPU
		{A1E91A1C-8A8D-4F60-AEF9-A5D6D32A704A}.Release|ARM.Build.0 = Release|Any CPU
		{A1E91A1C-8A8D-4F60-AEF9-A5D6D32A704A}.Release|ARM64.ActiveCfg = Release|Any CPU
		{A1E91A1C-8A8D-4F60-AEF9-A5D6D32A704A}.Release|ARM64.Build.0 = Release|Any CPU
		{A1E91A1C-8A8D-4F60-AEF9-A5D6D32A704A}.Release|x64.ActiveCfg = Release|Any CPU
		{A1E91A1C-8A8D-4F60-AEF9-A5D6D32A704A}.Release|x64.Build.0 = Release|Any CPU
		{A1E91A1C-8A8D-4F60-AEF9-A5D6D32A704A}.Release|x86.ActiveCfg = Release|Any CPU
		{A1E91A1C-8A8D-4F60-AEF9-A5D6D32A704A}.Release|x86.Build.0 = Release|Any CPU
		{B2F0F9B0-5F5A-4A13-90B5-1F8E1EB6F791}.Debug|Any CPU.ActiveCfg = Debug|Any CPU
		{B2F0F9B0-5F5A-4A13-90B5-1F8E1EB6F791}.Debug|Any CPU.Build.0 = Debug|Any CPU
		{B2F0F9B0-5F5A-4A13-90B5-1F8E1EB6F791}.Debug|ARM.ActiveCfg = Debug|Any CPU
		{B2F0F9B0-5F5A-4A13-90B5-1F8E1EB6F791}.Debug|ARM.Build.0 = Debug|Any CPU
		{B2F0F9B0-5F5A-4A13-90B5-1F8E1EB6F791}.Debug|ARM64.ActiveCfg = Debug|Any CPU
		{B2F0F9B0-5F5A-4A13-90B5-1F8E1EB6F791}.Debug|ARM64.Build.0 = Debug|Any CPU
		{B2F0F9B0-5F5A-4A13-90B5-1F8E1EB6F791}.Debug|x64.ActiveCfg = Debug|Any CPU
		{B2F0F9B0-5F5A-4A13-90B5-1F8E1EB6F791}.Debug|x64.Build.0 = Debug|Any CPU
		{B2F0F9B0-5F5A-4A13-90B5-1F8E1EB6F791}.Debug|x86.ActiveCfg = Debug|Any CPU
		{B2F0F9B0-5F5A-4A13-90B5-1F8E1EB6F791}.Debug|x86.Build.0 = Debug|Any CPU
		{B2F0F9B0-5F5A-4A13-90B5-1F8E1EB6F791}.Release|Any CPU.ActiveCfg = Release|Any CPU
		{B2F0F9B0-5F5A-4A13-90B5-1F8E1EB6F791}.Release|Any CPU.Build.0 = Release|Any CPU
		{B2F0F9B0-5F5A-4A13-90B5-1F8E1EB6F791}.Release|ARM.ActiveCfg = Release|Any CPU
		{B2F0F9B0-5F5A-4A13-90B5-1F8E1EB6F791}.Release|ARM.Build.0 = Release|Any CPU
		{B2F0F9B0-5F5A-4A13-90B5-1F8E1EB6F791}.Release|ARM64.ActiveCfg = Release|Any CPU
		{B2F0F9B0-5F5A-4A13-90B5-1F8E1EB6F791}.Release|ARM64.Build.0 = Release|Any CPU
		{B2F0F9B0-5F5A-4A13-90B5-1F8E1EB6F791}.Release|x64.ActiveCfg = Release|Any CPU
		{B2F0F9B0-5F5A-4A13-90B5-1F8E1EB6F791}.Release|x64.Build.0 = Release|Any CPU
		{B2F0F9B0-5F5A-4A13-90B5-1F8E1EB6F791}.Release|x86.ActiveCfg = Release|Any CPU
		{B2F0F9B0-5F5A-4A13-90B5-1F8E1EB6F791}.Release|x86.Build.0 = Release|Any CPU
	EndGlobalSection
	GlobalSection(SolutionProperties) = preSolution
		HideSolutionNode = FALSE
	EndGlobalSection
	GlobalSection(ExtensibilityGlobals) = postSolution
		SolutionGuid = {2F6F1CEC-B31C-4929-B318-409FF98577AC}
	EndGlobalSection
EndGlobal
